
Microsoft Visual Studio Solution File, Format Version 12.00
# Visual Studio Version 16
VisualStudioVersion = 16.0.31515.178
MinimumVisualStudioVersion = 10.0.40219.1
Project("{FAE04EC0-301F-11D3-BF4B-00C04F79EFBC}") = "SaaSProductsImport", "SaaSProductsImport\SaaSProductsImport.csproj", "{5C9553A2-CBCA-457C-9A04-C189760A7685}"
EndProject
Global
	GlobalSection(SolutionConfigurationPlatforms) = preSolution
		Debug|Any CPU = Debug|Any CPU
		Release|Any CPU = Release|Any CPU
	EndGlobalSection
	GlobalSection(ProjectConfigurationPlatforms) = postSolution
		{5C9553A2-CBCA-457C-9A04-C189760A7685}.Debug|Any CPU.ActiveCfg = Debug|Any CPU
		{5C9553A2-CBCA-457C-9A04-C189760A7685}.Debug|Any CPU.Build.0 = Debug|Any CPU
		{5C9553A2-CBCA-457C-9A04-C189760A7685}.Release|Any CPU.ActiveCfg = Release|Any CPU
		{5C9553A2-CBCA-457C-9A04-C189760A7685}.Release|Any CPU.Build.0 = Release|Any CPU
	EndGlobalSection
	GlobalSection(SolutionProperties) = preSolution
		HideSolutionNode = FALSE
	EndGlobalSection
	GlobalSection(ExtensibilityGlobals) = postSolution
		SolutionGuid = {56E79DDB-9EAD-439F-BA42-DD17540368AA}
	EndGlobalSection
EndGlobal
